
Microsoft Visual Studio Solution File, Format Version 12.00
# Visual Studio Version 16
VisualStudioVersion = 16.0.30104.148
MinimumVisualStudioVersion = 10.0.40219.1
Project("{FAE04EC0-301F-11D3-BF4B-00C04F79EFBC}") = "WebApi", "WebApi\WebApi.csproj", "{C73E08B9-0B48-4B5D-B6C2-82C3E4D09429}"
EndProject
Project("{FAE04EC0-301F-11D3-BF4B-00C04F79EFBC}") = "Service", "Service\Service.csproj", "{58A80781-E02B-4524-B4C5-F31EE17727A4}"
EndProject
Project("{FAE04EC0-301F-11D3-BF4B-00C04F79EFBC}") = "DataModel", "DataModel\DataModel.csproj", "{CE67F1FC-459F-4F66-9C6A-94EC7E114A44}"
EndProject
Global
	GlobalSection(SolutionConfigurationPlatforms) = preSolution
		Debug|Any CPU = Debug|Any CPU
		Release|Any CPU = Release|Any CPU
	EndGlobalSection
	GlobalSection(ProjectConfigurationPlatforms) = postSolution
		{C73E08B9-0B48-4B5D-B6C2-82C3E4D09429}.Debug|Any CPU.ActiveCfg = Debug|Any CPU
		{C73E08B9-0B48-4B5D-B6C2-82C3E4D09429}.Debug|Any CPU.Build.0 = Debug|Any CPU
		{C73E08B9-0B48-4B5D-B6C2-82C3E4D09429}.Release|Any CPU.ActiveCfg = Release|Any CPU
		{C73E08B9-0B48-4B5D-B6C2-82C3E4D09429}.Release|Any CPU.Build.0 = Release|Any CPU
		{58A80781-E02B-4524-B4C5-F31EE17727A4}.Debug|Any CPU.ActiveCfg = Debug|Any CPU
		{58A80781-E02B-4524-B4C5-F31EE17727A4}.Debug|Any CPU.Build.0 = Debug|Any CPU
		{58A80781-E02B-4524-B4C5-F31EE17727A4}.Release|Any CPU.ActiveCfg = Release|Any CPU
		{58A80781-E02B-4524-B4C5-F31EE17727A4}.Release|Any CPU.Build.0 = Release|Any CPU
		{CE67F1FC-459F-4F66-9C6A-94EC7E114A44}.Debug|Any CPU.ActiveCfg = Debug|Any CPU
		{CE67F1FC-459F-4F66-9C6A-94EC7E114A44}.Debug|Any CPU.Build.0 = Debug|Any CPU
		{CE67F1FC-459F-4F66-9C6A-94EC7E114A44}.Release|Any CPU.ActiveCfg = Release|Any CPU
		{CE67F1FC-459F-4F66-9C6A-94EC7E114A44}.Release|Any CPU.Build.0 = Release|Any CPU
	EndGlobalSection
	GlobalSection(SolutionProperties) = preSolution
		HideSolutionNode = FALSE
	EndGlobalSection
	GlobalSection(ExtensibilityGlobals) = postSolution
		SolutionGuid = {4BDC4ACB-D84B-4C96-9C98-1C1EE26A0846}
	EndGlobalSection
EndGlobal
